
Microsoft Visual Studio Solution File, Format Version 12.00
# Visual Studio Version 16
VisualStudioVersion = 16.0.29020.237
MinimumVisualStudioVersion = 10.0.40219.1
Project("{9A19103F-16F7-4668-BE54-9A1E7A4F7556}") = "YT.Trading.Domain", "src\YT.Trading.Domain\YT.Trading.Domain.csproj", "{554AD327-6DBA-4F8F-96F8-81CE7A0C863F}"
EndProject
Project("{9A19103F-16F7-4668-BE54-9A1E7A4F7556}") = "YT.Trading.Application", "src\YT.Trading.Application\YT.Trading.Application.csproj", "{1A94A50E-06DC-43C1-80B5-B662820EC3EB}"
EndProject
Project("{9A19103F-16F7-4668-BE54-9A1E7A4F7556}") = "YT.Trading.EntityFrameworkCore", "src\YT.Trading.EntityFrameworkCore\YT.Trading.EntityFrameworkCore.csproj", "{C956DD76-69C8-4A9C-83EA-D17DF83340FD}"
EndProject
Project("{2150E333-8FDC-42A3-9474-1A3956D46DE8}") = "src", "src", "{CA9AC87F-097E-4F15-8393-4BC07735A5B0}"
EndProject
Project("{9A19103F-16F7-4668-BE54-9A1E7A4F7556}") = "YT.Trading.EntityFrameworkCore.DbMigrations", "src\YT.Trading.EntityFrameworkCore.DbMigrations\YT.Trading.EntityFrameworkCore.DbMigrations.csproj", "{0372FA84-C517-4EB3-9A9F-B9ACAC0CA5E0}"
EndProject
Project("{9A19103F-16F7-4668-BE54-9A1E7A4F7556}") = "YT.Trading.Domain.Shared", "src\YT.Trading.Domain.Shared\YT.Trading.Domain.Shared.csproj", "{42F719ED-8413-4895-B5B4-5AB56079BC66}"
EndProject
Project("{9A19103F-16F7-4668-BE54-9A1E7A4F7556}") = "YT.Trading.Application.Contracts", "src\YT.Trading.Application.Contracts\YT.Trading.Application.Contracts.csproj", "{520659C8-C734-4298-A3DA-B539DB9DFC0B}"
EndProject
Project("{9A19103F-16F7-4668-BE54-9A1E7A4F7556}") = "YT.Trading.HttpApi", "src\YT.Trading.HttpApi\YT.Trading.HttpApi.csproj", "{4164BDF7-F527-4E85-9CE6-E3C2D7426A27}"
EndProject
Project("{9A19103F-16F7-4668-BE54-9A1E7A4F7556}") = "YT.Trading.HttpApi.Client", "src\YT.Trading.HttpApi.Client\YT.Trading.HttpApi.Client.csproj", "{3B5A0094-670D-4BB1-BFDD-61B88A8773DC}"
EndProject
Project("{9A19103F-16F7-4668-BE54-9A1E7A4F7556}") = "YT.Trading.IdentityServer", "src\YT.Trading.IdentityServer\YT.Trading.IdentityServer.csproj", "{073C361E-B8F4-49F5-93CC-72A3FF49C026}"
EndProject
Project("{9A19103F-16F7-4668-BE54-9A1E7A4F7556}") = "YT.Trading.HttpApi.Host", "src\YT.Trading.HttpApi.Host\YT.Trading.HttpApi.Host.csproj", "{E6D5BF0E-DE92-4D82-A352-EF04B37CB11C}"
EndProject
Project("{9A19103F-16F7-4668-BE54-9A1E7A4F7556}") = "YT.Trading.DbMigrator", "src\YT.Trading.DbMigrator\YT.Trading.DbMigrator.csproj", "{AA94D832-1CCC-4715-95A9-A483F23A1A5D}"
EndProject
Project("{2150E333-8FDC-42A3-9474-1A3956D46DE8}") = "modules", "modules", "{0778F0C8-DB18-4A9E-BEF7-92A662D9BD78}"
EndProject
Project("{9A19103F-16F7-4668-BE54-9A1E7A4F7556}") = "QuetoServer.Application", "modules\QuetoServer\src\QuetoServer.Application\QuetoServer.Application.csproj", "{863E938E-FD89-4E3D-AA08-3AF16EFF3A15}"
EndProject
Project("{9A19103F-16F7-4668-BE54-9A1E7A4F7556}") = "QuetoServer.Application.Contracts", "modules\QuetoServer\src\QuetoServer.Application.Contracts\QuetoServer.Application.Contracts.csproj", "{467FA912-B651-4F39-ABAE-E9C93486D331}"
EndProject
Project("{9A19103F-16F7-4668-BE54-9A1E7A4F7556}") = "QuetoServer.Domain", "modules\QuetoServer\src\QuetoServer.Domain\QuetoServer.Domain.csproj", "{C0E98603-E791-47EB-99BE-C63CB0764848}"
EndProject
Project("{9A19103F-16F7-4668-BE54-9A1E7A4F7556}") = "QuetoServer.Domain.Shared", "modules\QuetoServer\src\QuetoServer.Domain.Shared\QuetoServer.Domain.Shared.csproj", "{411AC837-F1BD-4D4D-9A28-024CFEE876FF}"
EndProject
Project("{9A19103F-16F7-4668-BE54-9A1E7A4F7556}") = "QuetoServer.EntityFrameworkCore", "modules\QuetoServer\src\QuetoServer.EntityFrameworkCore\QuetoServer.EntityFrameworkCore.csproj", "{4B7E8DDA-4978-4A3C-9ECF-9775B9962879}"
EndProject
Project("{9A19103F-16F7-4668-BE54-9A1E7A4F7556}") = "QuetoServer.HttpApi.Client", "modules\QuetoServer\src\QuetoServer.HttpApi.Client\QuetoServer.HttpApi.Client.csproj", "{5BF8194D-09CE-4271-AB10-367D92FB379E}"
EndProject
Project("{9A19103F-16F7-4668-BE54-9A1E7A4F7556}") = "QuetoServer.HttpApi", "modules\QuetoServer\src\QuetoServer.HttpApi\QuetoServer.HttpApi.csproj", "{105836FC-0A4E-4E07-A0C8-FC92F6F94714}"
EndProject
Project("{2150E333-8FDC-42A3-9474-1A3956D46DE8}") = "QuetoServer", "QuetoServer", "{CB701652-0DBD-4E4F-96FE-9E560E27DAC0}"
EndProject
Project("{FAE04EC0-301F-11D3-BF4B-00C04F79EFBC}") = "YT.Core", "YT.Core\YT.Core.csproj", "{BB47C150-D6F0-431B-917E-DA891CE829AB}"
EndProject
Global
	GlobalSection(SolutionConfigurationPlatforms) = preSolution
		Debug|Any CPU = Debug|Any CPU
		Release|Any CPU = Release|Any CPU
	EndGlobalSection
	GlobalSection(ProjectConfigurationPlatforms) = postSolution
		{554AD327-6DBA-4F8F-96F8-81CE7A0C863F}.Debug|Any CPU.ActiveCfg = Debug|Any CPU
		{554AD327-6DBA-4F8F-96F8-81CE7A0C863F}.Debug|Any CPU.Build.0 = Debug|Any CPU
		{554AD327-6DBA-4F8F-96F8-81CE7A0C863F}.Release|Any CPU.ActiveCfg = Release|Any CPU
		{554AD327-6DBA-4F8F-96F8-81CE7A0C863F}.Release|Any CPU.Build.0 = Release|Any CPU
		{1A94A50E-06DC-43C1-80B5-B662820EC3EB}.Debug|Any CPU.ActiveCfg = Debug|Any CPU
		{1A94A50E-06DC-43C1-80B5-B662820EC3EB}.Debug|Any CPU.Build.0 = Debug|Any CPU
		{1A94A50E-06DC-43C1-80B5-B662820EC3EB}.Release|Any CPU.ActiveCfg = Release|Any CPU
		{1A94A50E-06DC-43C1-80B5-B662820EC3EB}.Release|Any CPU.Build.0 = Release|Any CPU
		{C956DD76-69C8-4A9C-83EA-D17DF83340FD}.Debug|Any CPU.ActiveCfg = Debug|Any CPU
		{C956DD76-69C8-4A9C-83EA-D17DF83340FD}.Debug|Any CPU.Build.0 = Debug|Any CPU
		{C956DD76-69C8-4A9C-83EA-D17DF83340FD}.Release|Any CPU.ActiveCfg = Release|Any CPU
		{C956DD76-69C8-4A9C-83EA-D17DF83340FD}.Release|Any CPU.Build.0 = Release|Any CPU
		{0372FA84-C517-4EB3-9A9F-B9ACAC0CA5E0}.Debug|Any CPU.ActiveCfg = Debug|Any CPU
		{0372FA84-C517-4EB3-9A9F-B9ACAC0CA5E0}.Debug|Any CPU.Build.0 = Debug|Any CPU
		{0372FA84-C517-4EB3-9A9F-B9ACAC0CA5E0}.Release|Any CPU.ActiveCfg = Release|Any CPU
		{0372FA84-C517-4EB3-9A9F-B9ACAC0CA5E0}.Release|Any CPU.Build.0 = Release|Any CPU
		{42F719ED-8413-4895-B5B4-5AB56079BC66}.Debug|Any CPU.ActiveCfg = Debug|Any CPU
		{42F719ED-8413-4895-B5B4-5AB56079BC66}.Debug|Any CPU.Build.0 = Debug|Any CPU
		{42F719ED-8413-4895-B5B4-5AB56079BC66}.Release|Any CPU.ActiveCfg = Release|Any CPU
		{42F719ED-8413-4895-B5B4-5AB56079BC66}.Release|Any CPU.Build.0 = Release|Any CPU
		{520659C8-C734-4298-A3DA-B539DB9DFC0B}.Debug|Any CPU.ActiveCfg = Debug|Any CPU
		{520659C8-C734-4298-A3DA-B539DB9DFC0B}.Debug|Any CPU.Build.0 = Debug|Any CPU
		{520659C8-C734-4298-A3DA-B539DB9DFC0B}.Release|Any CPU.ActiveCfg = Release|Any CPU
		{520659C8-C734-4298-A3DA-B539DB9DFC0B}.Release|Any CPU.Build.0 = Release|Any CPU
		{4164BDF7-F527-4E85-9CE6-E3C2D7426A27}.Debug|Any CPU.ActiveCfg = Debug|Any CPU
		{4164BDF7-F527-4E85-9CE6-E3C2D7426A27}.Debug|Any CPU.Build.0 = Debug|Any CPU
		{4164BDF7-F527-4E85-9CE6-E3C2D7426A27}.Release|Any CPU.ActiveCfg = Release|Any CPU
		{4164BDF7-F527-4E85-9CE6-E3C2D7426A27}.Release|Any CPU.Build.0 = Release|Any CPU
		{3B5A0094-670D-4BB1-BFDD-61B88A8773DC}.Debug|Any CPU.ActiveCfg = Debug|Any CPU
		{3B5A0094-670D-4BB1-BFDD-61B88A8773DC}.Debug|Any CPU.Build.0 = Debug|Any CPU
		{3B5A0094-670D-4BB1-BFDD-61B88A8773DC}.Release|Any CPU.ActiveCfg = Release|Any CPU
		{3B5A0094-670D-4BB1-BFDD-61B88A8773DC}.Release|Any CPU.Build.0 = Release|Any CPU
		{073C361E-B8F4-49F5-93CC-72A3FF49C026}.Debug|Any CPU.ActiveCfg = Debug|Any CPU
		{073C361E-B8F4-49F5-93CC-72A3FF49C026}.Debug|Any CPU.Build.0 = Debug|Any CPU
		{073C361E-B8F4-49F5-93CC-72A3FF49C026}.Release|Any CPU.ActiveCfg = Release|Any CPU
		{073C361E-B8F4-49F5-93CC-72A3FF49C026}.Release|Any CPU.Build.0 = Release|Any CPU
		{E6D5BF0E-DE92-4D82-A352-EF04B37CB11C}.Debug|Any CPU.ActiveCfg = Debug|Any CPU
		{E6D5BF0E-DE92-4D82-A352-EF04B37CB11C}.Debug|Any CPU.Build.0 = Debug|Any CPU
		{E6D5BF0E-DE92-4D82-A352-EF04B37CB11C}.Release|Any CPU.ActiveCfg = Release|Any CPU
		{E6D5BF0E-DE92-4D82-A352-EF04B37CB11C}.Release|Any CPU.Build.0 = Release|Any CPU
		{AA94D832-1CCC-4715-95A9-A483F23A1A5D}.Debug|Any CPU.ActiveCfg = Debug|Any CPU
		{AA94D832-1CCC-4715-95A9-A483F23A1A5D}.Debug|Any CPU.Build.0 = Debug|Any CPU
		{AA94D832-1CCC-4715-95A9-A483F23A1A5D}.Release|Any CPU.ActiveCfg = Release|Any CPU
		{AA94D832-1CCC-4715-95A9-A483F23A1A5D}.Release|Any CPU.Build.0 = Release|Any CPU
		{863E938E-FD89-4E3D-AA08-3AF16EFF3A15}.Debug|Any CPU.ActiveCfg = Debug|Any CPU
		{863E938E-FD89-4E3D-AA08-3AF16EFF3A15}.Debug|Any CPU.Build.0 = Debug|Any CPU
		{863E938E-FD89-4E3D-AA08-3AF16EFF3A15}.Release|Any CPU.ActiveCfg = Release|Any CPU
		{863E938E-FD89-4E3D-AA08-3AF16EFF3A15}.Release|Any CPU.Build.0 = Release|Any CPU
		{467FA912-B651-4F39-ABAE-E9C93486D331}.Debug|Any CPU.ActiveCfg = Debug|Any CPU
		{467FA912-B651-4F39-ABAE-E9C93486D331}.Debug|Any CPU.Build.0 = Debug|Any CPU
		{467FA912-B651-4F39-ABAE-E9C93486D331}.Release|Any CPU.ActiveCfg = Release|Any CPU
		{467FA912-B651-4F39-ABAE-E9C93486D331}.Release|Any CPU.Build.0 = Release|Any CPU
		{C0E98603-E791-47EB-99BE-C63CB0764848}.Debug|Any CPU.ActiveCfg = Debug|Any CPU
		{C0E98603-E791-47EB-99BE-C63CB0764848}.Debug|Any CPU.Build.0 = Debug|Any CPU
		{C0E98603-E791-47EB-99BE-C63CB0764848}.Release|Any CPU.ActiveCfg = Release|Any CPU
		{C0E98603-E791-47EB-99BE-C63CB0764848}.Release|Any CPU.Build.0 = Release|Any CPU
		{411AC837-F1BD-4D4D-9A28-024CFEE876FF}.Debug|Any CPU.ActiveCfg = Debug|Any CPU
		{411AC837-F1BD-4D4D-9A28-024CFEE876FF}.Debug|Any CPU.Build.0 = Debug|Any CPU
		{411AC837-F1BD-4D4D-9A28-024CFEE876FF}.Release|Any CPU.ActiveCfg = Release|Any CPU
		{411AC837-F1BD-4D4D-9A28-024CFEE876FF}.Release|Any CPU.Build.0 = Release|Any CPU
		{4B7E8DDA-4978-4A3C-9ECF-9775B9962879}.Debug|Any CPU.ActiveCfg = Debug|Any CPU
		{4B7E8DDA-4978-4A3C-9ECF-9775B9962879}.Debug|Any CPU.Build.0 = Debug|Any CPU
		{4B7E8DDA-4978-4A3C-9ECF-9775B9962879}.Release|Any CPU.ActiveCfg = Release|Any CPU
		{4B7E8DDA-4978-4A3C-9ECF-9775B9962879}.Release|Any CPU.Build.0 = Release|Any CPU
		{5BF8194D-09CE-4271-AB10-367D92FB379E}.Debug|Any CPU.ActiveCfg = Debug|Any CPU
		{5BF8194D-09CE-4271-AB10-367D92FB379E}.Debug|Any CPU.Build.0 = Debug|Any CPU
		{5BF8194D-09CE-4271-AB10-367D92FB379E}.Release|Any CPU.ActiveCfg = Release|Any CPU
		{5BF8194D-09CE-4271-AB10-367D92FB379E}.Release|Any CPU.Build.0 = Release|Any CPU
		{105836FC-0A4E-4E07-A0C8-FC92F6F94714}.Debug|Any CPU.ActiveCfg = Debug|Any CPU
		{105836FC-0A4E-4E07-A0C8-FC92F6F94714}.Debug|Any CPU.Build.0 = Debug|Any CPU
		{105836FC-0A4E-4E07-A0C8-FC92F6F94714}.Release|Any CPU.ActiveCfg = Release|Any CPU
		{105836FC-0A4E-4E07-A0C8-FC92F6F94714}.Release|Any CPU.Build.0 = Release|Any CPU
		{BB47C150-D6F0-431B-917E-DA891CE829AB}.Debug|Any CPU.ActiveCfg = Debug|Any CPU
		{BB47C150-D6F0-431B-917E-DA891CE829AB}.Debug|Any CPU.Build.0 = Debug|Any CPU
		{BB47C150-D6F0-431B-917E-DA891CE829AB}.Release|Any CPU.ActiveCfg = Release|Any CPU
		{BB47C150-D6F0-431B-917E-DA891CE829AB}.Release|Any CPU.Build.0 = Release|Any CPU
	EndGlobalSection
	GlobalSection(SolutionProperties) = preSolution
		HideSolutionNode = FALSE
	EndGlobalSection
	GlobalSection(NestedProjects) = preSolution
		{554AD327-6DBA-4F8F-96F8-81CE7A0C863F} = {CA9AC87F-097E-4F15-8393-4BC07735A5B0}
		{1A94A50E-06DC-43C1-80B5-B662820EC3EB} = {CA9AC87F-097E-4F15-8393-4BC07735A5B0}
		{C956DD76-69C8-4A9C-83EA-D17DF83340FD} = {CA9AC87F-097E-4F15-8393-4BC07735A5B0}
		{0372FA84-C517-4EB3-9A9F-B9ACAC0CA5E0} = {CA9AC87F-097E-4F15-8393-4BC07735A5B0}
		{42F719ED-8413-4895-B5B4-5AB56079BC66} = {CA9AC87F-097E-4F15-8393-4BC07735A5B0}
		{520659C8-C734-4298-A3DA-B539DB9DFC0B} = {CA9AC87F-097E-4F15-8393-4BC07735A5B0}
		{4164BDF7-F527-4E85-9CE6-E3C2D7426A27} = {CA9AC87F-097E-4F15-8393-4BC07735A5B0}
		{3B5A0094-670D-4BB1-BFDD-61B88A8773DC} = {CA9AC87F-097E-4F15-8393-4BC07735A5B0}
		{073C361E-B8F4-49F5-93CC-72A3FF49C026} = {CA9AC87F-097E-4F15-8393-4BC07735A5B0}
		{E6D5BF0E-DE92-4D82-A352-EF04B37CB11C} = {CA9AC87F-097E-4F15-8393-4BC07735A5B0}
		{AA94D832-1CCC-4715-95A9-A483F23A1A5D} = {CA9AC87F-097E-4F15-8393-4BC07735A5B0}
		{863E938E-FD89-4E3D-AA08-3AF16EFF3A15} = {CB701652-0DBD-4E4F-96FE-9E560E27DAC0}
		{467FA912-B651-4F39-ABAE-E9C93486D331} = {CB701652-0DBD-4E4F-96FE-9E560E27DAC0}
		{C0E98603-E791-47EB-99BE-C63CB0764848} = {CB701652-0DBD-4E4F-96FE-9E560E27DAC0}
		{411AC837-F1BD-4D4D-9A28-024CFEE876FF} = {CB701652-0DBD-4E4F-96FE-9E560E27DAC0}
		{4B7E8DDA-4978-4A3C-9ECF-9775B9962879} = {CB701652-0DBD-4E4F-96FE-9E560E27DAC0}
		{5BF8194D-09CE-4271-AB10-367D92FB379E} = {CB701652-0DBD-4E4F-96FE-9E560E27DAC0}
		{105836FC-0A4E-4E07-A0C8-FC92F6F94714} = {CB701652-0DBD-4E4F-96FE-9E560E27DAC0}
		{CB701652-0DBD-4E4F-96FE-9E560E27DAC0} = {0778F0C8-DB18-4A9E-BEF7-92A662D9BD78}
	EndGlobalSection
	GlobalSection(ExtensibilityGlobals) = postSolution
		SolutionGuid = {28315BFD-90E7-4E14-A2EA-F3D23AF4126F}
	EndGlobalSection
EndGlobal
