Microsoft Visual Studio Solution File, Format Version 12.00
# Visual Studio Version 17
VisualStudioVersion = 17.0.31717.71
MinimumVisualStudioVersion = 10.0.40219.1
Project("{9A19103F-16F7-4668-BE54-9A1E7A4F7556}") = "YT.Trading.Domain", "src\YT.Trading.Domain\YT.Trading.Domain.csproj", "{554AD327-6DBA-4F8F-96F8-81CE7A0C863F}"
EndProject
Project("{9A19103F-16F7-4668-BE54-9A1E7A4F7556}") = "AccountServer.TestBase", "modules\AccountServer\test\AccountServer.TestBase\AccountServer.TestBase.csproj", "{70aef895-30b8-4333-be2b-b94961634138}"
EndProject
Project("{9A19103F-16F7-4668-BE54-9A1E7A4F7556}") = "AccountServer.HttpApi.Client.ConsoleTestApp", "modules\AccountServer\test\AccountServer.HttpApi.Client.ConsoleTestApp\AccountServer.HttpApi.Client.ConsoleTestApp.csproj", "{ac6c03a9-c3c6-4c5b-bba0-c1555aa63a8a}"
EndProject
Project("{9A19103F-16F7-4668-BE54-9A1E7A4F7556}") = "AccountServer.EntityFrameworkCore.Tests", "modules\AccountServer\test\AccountServer.EntityFrameworkCore.Tests\AccountServer.EntityFrameworkCore.Tests.csproj", "{6a475d3e-7713-47d7-b73d-7331218bc377}"
EndProject
Project("{9A19103F-16F7-4668-BE54-9A1E7A4F7556}") = "AccountServer.Domain.Tests", "modules\AccountServer\test\AccountServer.Domain.Tests\AccountServer.Domain.Tests.csproj", "{9e6df506-cbd2-4e9e-aa9d-32f8a9a6babc}"
EndProject
Project("{9A19103F-16F7-4668-BE54-9A1E7A4F7556}") = "AccountServer.Application.Tests", "modules\AccountServer\test\AccountServer.Application.Tests\AccountServer.Application.Tests.csproj", "{370e1367-fc60-475e-b845-cbd50015a833}"
EndProject
Project("{9A19103F-16F7-4668-BE54-9A1E7A4F7556}") = "AccountServer.HttpApi.Client", "modules\AccountServer\src\AccountServer.HttpApi.Client\AccountServer.HttpApi.Client.csproj", "{00c20543-48f8-44ea-9e6e-87a422a60664}"
EndProject
Project("{9A19103F-16F7-4668-BE54-9A1E7A4F7556}") = "AccountServer.HttpApi", "modules\AccountServer\src\AccountServer.HttpApi\AccountServer.HttpApi.csproj", "{3ee09b00-c83e-4029-9db0-c6fa3c994704}"
EndProject
Project("{9A19103F-16F7-4668-BE54-9A1E7A4F7556}") = "AccountServer.EntityFrameworkCore", "modules\AccountServer\src\AccountServer.EntityFrameworkCore\AccountServer.EntityFrameworkCore.csproj", "{a0aa2730-d80a-469c-b667-7a2c7f35ef3a}"
EndProject
Project("{9A19103F-16F7-4668-BE54-9A1E7A4F7556}") = "AccountServer.Domain.Shared", "modules\AccountServer\src\AccountServer.Domain.Shared\AccountServer.Domain.Shared.csproj", "{0ad3fa9a-d91d-4cd3-a475-5ea66ca380f2}"
EndProject
Project("{9A19103F-16F7-4668-BE54-9A1E7A4F7556}") = "AccountServer.Domain", "modules\AccountServer\src\AccountServer.Domain\AccountServer.Domain.csproj", "{ef79d7b5-7b56-4f4f-b97a-420a5ec703bb}"
EndProject
Project("{9A19103F-16F7-4668-BE54-9A1E7A4F7556}") = "AccountServer.Application.Contracts", "modules\AccountServer\src\AccountServer.Application.Contracts\AccountServer.Application.Contracts.csproj", "{26c15685-126e-46a5-b2c3-de53101ebca4}"
EndProject
Project("{9A19103F-16F7-4668-BE54-9A1E7A4F7556}") = "AccountServer.Application", "modules\AccountServer\src\AccountServer.Application\AccountServer.Application.csproj", "{36ac310d-63bb-41ca-a520-1ab09b8f01ae}"
EndProject
Project("{2150E333-8FDC-42A3-9474-1A3956D46DE8}") = "AccountServer.Tests", "AccountServer.Tests", "{dc18cb2e-1f73-41b1-8b59-44ff3cd07f47}"
EndProject
Project("{2150E333-8FDC-42A3-9474-1A3956D46DE8}") = "AccountServer", "AccountServer", "{a6dbf14d-f5d5-4d93-877a-8aa3a2c4c331}"
EndProject
Project("{9A19103F-16F7-4668-BE54-9A1E7A4F7556}") = "ProductOrderServer.HttpApi.Client", "modules\ProductOrderServer\src\ProductOrderServer.HttpApi.Client\ProductOrderServer.HttpApi.Client.csproj", "{4b7346dd-3520-478f-9f72-37350c855713}"
EndProject
Project("{9A19103F-16F7-4668-BE54-9A1E7A4F7556}") = "ProductOrderServer.HttpApi", "modules\ProductOrderServer\src\ProductOrderServer.HttpApi\ProductOrderServer.HttpApi.csproj", "{ebc628b2-b218-4f88-a1a4-3f1bb3e556cf}"
EndProject
Project("{9A19103F-16F7-4668-BE54-9A1E7A4F7556}") = "ProductOrderServer.EntityFrameworkCore", "modules\ProductOrderServer\src\ProductOrderServer.EntityFrameworkCore\ProductOrderServer.EntityFrameworkCore.csproj", "{02a281bd-4185-4812-9cd0-40e64274d464}"
EndProject
Project("{9A19103F-16F7-4668-BE54-9A1E7A4F7556}") = "ProductOrderServer.Domain.Shared", "modules\ProductOrderServer\src\ProductOrderServer.Domain.Shared\ProductOrderServer.Domain.Shared.csproj", "{5ae64c76-857f-4cf8-9457-74c1483fca1f}"
EndProject
Project("{9A19103F-16F7-4668-BE54-9A1E7A4F7556}") = "ProductOrderServer.Domain", "modules\ProductOrderServer\src\ProductOrderServer.Domain\ProductOrderServer.Domain.csproj", "{6775db9b-00e3-48e6-bb87-820d8518ae98}"
EndProject
Project("{9A19103F-16F7-4668-BE54-9A1E7A4F7556}") = "ProductOrderServer.Application.Contracts", "modules\ProductOrderServer\src\ProductOrderServer.Application.Contracts\ProductOrderServer.Application.Contracts.csproj", "{408c7494-186f-4a06-8fb5-967401e6e4c7}"
EndProject
Project("{9A19103F-16F7-4668-BE54-9A1E7A4F7556}") = "ProductOrderServer.Application", "modules\ProductOrderServer\src\ProductOrderServer.Application\ProductOrderServer.Application.csproj", "{54ccd3f1-a4be-441b-aff9-54901345a53c}"
EndProject
Project("{2150E333-8FDC-42A3-9474-1A3956D46DE8}") = "ProductOrderServer", "ProductOrderServer", "{01f3f453-cbad-429e-a703-efd608fc8846}"
EndProject
Project("{9A19103F-16F7-4668-BE54-9A1E7A4F7556}") = "ProductOrderServer.TestBase", "modules\ProductOrderServer\test\ProductOrderServer.TestBase\ProductOrderServer.TestBase.csproj", "{6850AA48-1887-43B5-819F-51F777E0F410}"
EndProject
Project("{9A19103F-16F7-4668-BE54-9A1E7A4F7556}") = "ProductOrderServer.HttpApi.Client.ConsoleTestApp", "modules\ProductOrderServer\test\ProductOrderServer.HttpApi.Client.ConsoleTestApp\ProductOrderServer.HttpApi.Client.ConsoleTestApp.csproj", "{FF7C23A6-7210-41E6-9FDE-B3DB786E7F66}"
EndProject
Project("{9A19103F-16F7-4668-BE54-9A1E7A4F7556}") = "ProductOrderServer.EntityFrameworkCore.Tests", "modules\ProductOrderServer\test\ProductOrderServer.EntityFrameworkCore.Tests\ProductOrderServer.EntityFrameworkCore.Tests.csproj", "{874A2923-A095-410F-AE61-DCE027BF3C85}"
EndProject
Project("{9A19103F-16F7-4668-BE54-9A1E7A4F7556}") = "ProductOrderServer.Domain.Tests", "modules\ProductOrderServer\test\ProductOrderServer.Domain.Tests\ProductOrderServer.Domain.Tests.csproj", "{48FBFF4D-AB3D-4A28-9306-F30F00420808}"
EndProject
Project("{9A19103F-16F7-4668-BE54-9A1E7A4F7556}") = "ProductOrderServer.Application.Tests", "modules\ProductOrderServer\test\ProductOrderServer.Application.Tests\ProductOrderServer.Application.Tests.csproj", "{C0EE6B6E-EEE2-43A9-ACBC-F43D9C00E109}"
EndProject
Project("{2150E333-8FDC-42A3-9474-1A3956D46DE8}") = "ProductOrderServer.Tests", "ProductOrderServer.Tests", "{591205A8-84AB-4A69-89F9-6B6DAF90A071}"
EndProject
Project("{2150E333-8FDC-42A3-9474-1A3956D46DE8}") = "test", "test", "{DE032B12-90A7-43C9-804D-876E6B2F6839}"
EndProject
Project("{9A19103F-16F7-4668-BE54-9A1E7A4F7556}") = "YT.Trading.Application", "src\YT.Trading.Application\YT.Trading.Application.csproj", "{1A94A50E-06DC-43C1-80B5-B662820EC3EB}"
EndProject
Project("{9A19103F-16F7-4668-BE54-9A1E7A4F7556}") = "YT.Trading.EntityFrameworkCore", "src\YT.Trading.EntityFrameworkCore\YT.Trading.EntityFrameworkCore.csproj", "{C956DD76-69C8-4A9C-83EA-D17DF83340FD}"
EndProject
Project("{2150E333-8FDC-42A3-9474-1A3956D46DE8}") = "src", "src", "{CA9AC87F-097E-4F15-8393-4BC07735A5B0}"
EndProject
Project("{9A19103F-16F7-4668-BE54-9A1E7A4F7556}") = "YT.Trading.EntityFrameworkCore.DbMigrations", "src\YT.Trading.EntityFrameworkCore.DbMigrations\YT.Trading.EntityFrameworkCore.DbMigrations.csproj", "{0372FA84-C517-4EB3-9A9F-B9ACAC0CA5E0}"
EndProject
Project("{9A19103F-16F7-4668-BE54-9A1E7A4F7556}") = "YT.Trading.Domain.Shared", "src\YT.Trading.Domain.Shared\YT.Trading.Domain.Shared.csproj", "{42F719ED-8413-4895-B5B4-5AB56079BC66}"
EndProject
Project("{9A19103F-16F7-4668-BE54-9A1E7A4F7556}") = "YT.Trading.Application.Contracts", "src\YT.Trading.Application.Contracts\YT.Trading.Application.Contracts.csproj", "{520659C8-C734-4298-A3DA-B539DB9DFC0B}"
EndProject
Project("{9A19103F-16F7-4668-BE54-9A1E7A4F7556}") = "YT.Trading.HttpApi", "src\YT.Trading.HttpApi\YT.Trading.HttpApi.csproj", "{4164BDF7-F527-4E85-9CE6-E3C2D7426A27}"
EndProject
Project("{9A19103F-16F7-4668-BE54-9A1E7A4F7556}") = "YT.Trading.HttpApi.Client", "src\YT.Trading.HttpApi.Client\YT.Trading.HttpApi.Client.csproj", "{3B5A0094-670D-4BB1-BFDD-61B88A8773DC}"
EndProject
Project("{9A19103F-16F7-4668-BE54-9A1E7A4F7556}") = "YT.Trading.IdentityServer", "src\YT.Trading.IdentityServer\YT.Trading.IdentityServer.csproj", "{073C361E-B8F4-49F5-93CC-72A3FF49C026}"
EndProject
Project("{9A19103F-16F7-4668-BE54-9A1E7A4F7556}") = "YT.Trading.HttpApi.Host", "src\YT.Trading.HttpApi.Host\YT.Trading.HttpApi.Host.csproj", "{E6D5BF0E-DE92-4D82-A352-EF04B37CB11C}"
EndProject
Project("{9A19103F-16F7-4668-BE54-9A1E7A4F7556}") = "YT.Trading.DbMigrator", "src\YT.Trading.DbMigrator\YT.Trading.DbMigrator.csproj", "{AA94D832-1CCC-4715-95A9-A483F23A1A5D}"
EndProject
Project("{2150E333-8FDC-42A3-9474-1A3956D46DE8}") = "modules", "modules", "{0778F0C8-DB18-4A9E-BEF7-92A662D9BD78}"
EndProject
Project("{9A19103F-16F7-4668-BE54-9A1E7A4F7556}") = "YT.Core", "YT.Core\YT.Core.csproj", "{BB47C150-D6F0-431B-917E-DA891CE829AB}"
EndProject
Project("{2150E333-8FDC-42A3-9474-1A3956D46DE8}") = "QuoteServer", "QuoteServer", "{C00EB5B0-F20D-48F9-A347-78D62A17D088}"
EndProject
Project("{9A19103F-16F7-4668-BE54-9A1E7A4F7556}") = "QuoteServer.Application", "modules\QuoteServer\src\QuoteServer.Application\QuoteServer.Application.csproj", "{E18EABF7-89F1-4CA3-BB2E-C7EE2C89EF3C}"
EndProject
Project("{9A19103F-16F7-4668-BE54-9A1E7A4F7556}") = "QuoteServer.Application.Contracts", "modules\QuoteServer\src\QuoteServer.Application.Contracts\QuoteServer.Application.Contracts.csproj", "{D3431633-EFC4-462E-ADB6-6C305BDF3B29}"
EndProject
Project("{9A19103F-16F7-4668-BE54-9A1E7A4F7556}") = "QuoteServer.Domain", "modules\QuoteServer\src\QuoteServer.Domain\QuoteServer.Domain.csproj", "{158285EC-86AF-492B-9C40-3372D61ACCEA}"
EndProject
Project("{9A19103F-16F7-4668-BE54-9A1E7A4F7556}") = "QuoteServer.Domain.Shared", "modules\QuoteServer\src\QuoteServer.Domain.Shared\QuoteServer.Domain.Shared.csproj", "{497B5773-E26D-4CF4-94EA-3AEE3D7B6330}"
EndProject
Project("{9A19103F-16F7-4668-BE54-9A1E7A4F7556}") = "QuoteServer.EntityFrameworkCore", "modules\QuoteServer\src\QuoteServer.EntityFrameworkCore\QuoteServer.EntityFrameworkCore.csproj", "{7238DA8F-43FB-4CA0-9AD4-144BD2F22F69}"
EndProject
Project("{9A19103F-16F7-4668-BE54-9A1E7A4F7556}") = "QuoteServer.HttpApi", "modules\QuoteServer\src\QuoteServer.HttpApi\QuoteServer.HttpApi.csproj", "{F0ACC5B7-6AC6-4375-93AB-CC8881BA9217}"
EndProject
Project("{9A19103F-16F7-4668-BE54-9A1E7A4F7556}") = "QuoteServer.HttpApi.Client", "modules\QuoteServer\src\QuoteServer.HttpApi.Client\QuoteServer.HttpApi.Client.csproj", "{B8776961-29D4-4E79-86D0-6C695F2593E6}"
EndProject
Project("{9A19103F-16F7-4668-BE54-9A1E7A4F7556}") = "QuoteServer.MongoDB", "modules\QuoteServer\src\QuoteServer.MongoDB\QuoteServer.MongoDB.csproj", "{0121FC96-ABBD-43F1-B30E-959D64D6132D}"
EndProject
Project("{2150E333-8FDC-42A3-9474-1A3956D46DE8}") = "Solution Items", "Solution Items", "{C59B9F5E-ADD9-422A-9898-7CD42398799A}"
	ProjectSection(SolutionItems) = preProject
		.editorconfig = .editorconfig
	EndProjectSection
EndProject
Global
	GlobalSection(SolutionConfigurationPlatforms) = preSolution
		Debug|Any CPU = Debug|Any CPU
		Release|Any CPU = Release|Any CPU
	EndGlobalSection
	GlobalSection(ProjectConfigurationPlatforms) = postSolution
		{70aef895-30b8-4333-be2b-b94961634138}.Debug|Any CPU.ActiveCfg = Debug|Any CPU
		{70aef895-30b8-4333-be2b-b94961634138}.Debug|Any CPU.Build.0 = Debug|Any CPU
		{70aef895-30b8-4333-be2b-b94961634138}.Release|Any CPU.ActiveCfg = Release|Any CPU
		{70aef895-30b8-4333-be2b-b94961634138}.Release|Any CPU.Build.0 = Release|Any CPU
		{ac6c03a9-c3c6-4c5b-bba0-c1555aa63a8a}.Debug|Any CPU.ActiveCfg = Debug|Any CPU
		{ac6c03a9-c3c6-4c5b-bba0-c1555aa63a8a}.Debug|Any CPU.Build.0 = Debug|Any CPU
		{ac6c03a9-c3c6-4c5b-bba0-c1555aa63a8a}.Release|Any CPU.ActiveCfg = Release|Any CPU
		{ac6c03a9-c3c6-4c5b-bba0-c1555aa63a8a}.Release|Any CPU.Build.0 = Release|Any CPU
		{6a475d3e-7713-47d7-b73d-7331218bc377}.Debug|Any CPU.ActiveCfg = Debug|Any CPU
		{6a475d3e-7713-47d7-b73d-7331218bc377}.Debug|Any CPU.Build.0 = Debug|Any CPU
		{6a475d3e-7713-47d7-b73d-7331218bc377}.Release|Any CPU.ActiveCfg = Release|Any CPU
		{6a475d3e-7713-47d7-b73d-7331218bc377}.Release|Any CPU.Build.0 = Release|Any CPU
		{9e6df506-cbd2-4e9e-aa9d-32f8a9a6babc}.Debug|Any CPU.ActiveCfg = Debug|Any CPU
		{9e6df506-cbd2-4e9e-aa9d-32f8a9a6babc}.Debug|Any CPU.Build.0 = Debug|Any CPU
		{9e6df506-cbd2-4e9e-aa9d-32f8a9a6babc}.Release|Any CPU.ActiveCfg = Release|Any CPU
		{9e6df506-cbd2-4e9e-aa9d-32f8a9a6babc}.Release|Any CPU.Build.0 = Release|Any CPU
		{370e1367-fc60-475e-b845-cbd50015a833}.Debug|Any CPU.ActiveCfg = Debug|Any CPU
		{370e1367-fc60-475e-b845-cbd50015a833}.Debug|Any CPU.Build.0 = Debug|Any CPU
		{370e1367-fc60-475e-b845-cbd50015a833}.Release|Any CPU.ActiveCfg = Release|Any CPU
		{370e1367-fc60-475e-b845-cbd50015a833}.Release|Any CPU.Build.0 = Release|Any CPU
		{00c20543-48f8-44ea-9e6e-87a422a60664}.Debug|Any CPU.ActiveCfg = Debug|Any CPU
		{00c20543-48f8-44ea-9e6e-87a422a60664}.Debug|Any CPU.Build.0 = Debug|Any CPU
		{00c20543-48f8-44ea-9e6e-87a422a60664}.Release|Any CPU.ActiveCfg = Release|Any CPU
		{00c20543-48f8-44ea-9e6e-87a422a60664}.Release|Any CPU.Build.0 = Release|Any CPU
		{3ee09b00-c83e-4029-9db0-c6fa3c994704}.Debug|Any CPU.ActiveCfg = Debug|Any CPU
		{3ee09b00-c83e-4029-9db0-c6fa3c994704}.Debug|Any CPU.Build.0 = Debug|Any CPU
		{3ee09b00-c83e-4029-9db0-c6fa3c994704}.Release|Any CPU.ActiveCfg = Release|Any CPU
		{3ee09b00-c83e-4029-9db0-c6fa3c994704}.Release|Any CPU.Build.0 = Release|Any CPU
		{a0aa2730-d80a-469c-b667-7a2c7f35ef3a}.Debug|Any CPU.ActiveCfg = Debug|Any CPU
		{a0aa2730-d80a-469c-b667-7a2c7f35ef3a}.Debug|Any CPU.Build.0 = Debug|Any CPU
		{a0aa2730-d80a-469c-b667-7a2c7f35ef3a}.Release|Any CPU.ActiveCfg = Release|Any CPU
		{a0aa2730-d80a-469c-b667-7a2c7f35ef3a}.Release|Any CPU.Build.0 = Release|Any CPU
		{0ad3fa9a-d91d-4cd3-a475-5ea66ca380f2}.Debug|Any CPU.ActiveCfg = Debug|Any CPU
		{0ad3fa9a-d91d-4cd3-a475-5ea66ca380f2}.Debug|Any CPU.Build.0 = Debug|Any CPU
		{0ad3fa9a-d91d-4cd3-a475-5ea66ca380f2}.Release|Any CPU.ActiveCfg = Release|Any CPU
		{0ad3fa9a-d91d-4cd3-a475-5ea66ca380f2}.Release|Any CPU.Build.0 = Release|Any CPU
		{ef79d7b5-7b56-4f4f-b97a-420a5ec703bb}.Debug|Any CPU.ActiveCfg = Debug|Any CPU
		{ef79d7b5-7b56-4f4f-b97a-420a5ec703bb}.Debug|Any CPU.Build.0 = Debug|Any CPU
		{ef79d7b5-7b56-4f4f-b97a-420a5ec703bb}.Release|Any CPU.ActiveCfg = Release|Any CPU
		{ef79d7b5-7b56-4f4f-b97a-420a5ec703bb}.Release|Any CPU.Build.0 = Release|Any CPU
		{26c15685-126e-46a5-b2c3-de53101ebca4}.Debug|Any CPU.ActiveCfg = Debug|Any CPU
		{26c15685-126e-46a5-b2c3-de53101ebca4}.Debug|Any CPU.Build.0 = Debug|Any CPU
		{26c15685-126e-46a5-b2c3-de53101ebca4}.Release|Any CPU.ActiveCfg = Release|Any CPU
		{26c15685-126e-46a5-b2c3-de53101ebca4}.Release|Any CPU.Build.0 = Release|Any CPU
		{36ac310d-63bb-41ca-a520-1ab09b8f01ae}.Debug|Any CPU.ActiveCfg = Debug|Any CPU
		{36ac310d-63bb-41ca-a520-1ab09b8f01ae}.Debug|Any CPU.Build.0 = Debug|Any CPU
		{36ac310d-63bb-41ca-a520-1ab09b8f01ae}.Release|Any CPU.ActiveCfg = Release|Any CPU
		{36ac310d-63bb-41ca-a520-1ab09b8f01ae}.Release|Any CPU.Build.0 = Release|Any CPU
		{4b7346dd-3520-478f-9f72-37350c855713}.Debug|Any CPU.ActiveCfg = Debug|Any CPU
		{4b7346dd-3520-478f-9f72-37350c855713}.Debug|Any CPU.Build.0 = Debug|Any CPU
		{4b7346dd-3520-478f-9f72-37350c855713}.Release|Any CPU.ActiveCfg = Release|Any CPU
		{4b7346dd-3520-478f-9f72-37350c855713}.Release|Any CPU.Build.0 = Release|Any CPU
		{ebc628b2-b218-4f88-a1a4-3f1bb3e556cf}.Debug|Any CPU.ActiveCfg = Debug|Any CPU
		{ebc628b2-b218-4f88-a1a4-3f1bb3e556cf}.Debug|Any CPU.Build.0 = Debug|Any CPU
		{ebc628b2-b218-4f88-a1a4-3f1bb3e556cf}.Release|Any CPU.ActiveCfg = Release|Any CPU
		{ebc628b2-b218-4f88-a1a4-3f1bb3e556cf}.Release|Any CPU.Build.0 = Release|Any CPU
		{02a281bd-4185-4812-9cd0-40e64274d464}.Debug|Any CPU.ActiveCfg = Debug|Any CPU
		{02a281bd-4185-4812-9cd0-40e64274d464}.Debug|Any CPU.Build.0 = Debug|Any CPU
		{02a281bd-4185-4812-9cd0-40e64274d464}.Release|Any CPU.ActiveCfg = Release|Any CPU
		{02a281bd-4185-4812-9cd0-40e64274d464}.Release|Any CPU.Build.0 = Release|Any CPU
		{5ae64c76-857f-4cf8-9457-74c1483fca1f}.Debug|Any CPU.ActiveCfg = Debug|Any CPU
		{5ae64c76-857f-4cf8-9457-74c1483fca1f}.Debug|Any CPU.Build.0 = Debug|Any CPU
		{5ae64c76-857f-4cf8-9457-74c1483fca1f}.Release|Any CPU.ActiveCfg = Release|Any CPU
		{5ae64c76-857f-4cf8-9457-74c1483fca1f}.Release|Any CPU.Build.0 = Release|Any CPU
		{6775db9b-00e3-48e6-bb87-820d8518ae98}.Debug|Any CPU.ActiveCfg = Debug|Any CPU
		{6775db9b-00e3-48e6-bb87-820d8518ae98}.Debug|Any CPU.Build.0 = Debug|Any CPU
		{6775db9b-00e3-48e6-bb87-820d8518ae98}.Release|Any CPU.ActiveCfg = Release|Any CPU
		{6775db9b-00e3-48e6-bb87-820d8518ae98}.Release|Any CPU.Build.0 = Release|Any CPU
		{408c7494-186f-4a06-8fb5-967401e6e4c7}.Debug|Any CPU.ActiveCfg = Debug|Any CPU
		{408c7494-186f-4a06-8fb5-967401e6e4c7}.Debug|Any CPU.Build.0 = Debug|Any CPU
		{408c7494-186f-4a06-8fb5-967401e6e4c7}.Release|Any CPU.ActiveCfg = Release|Any CPU
		{408c7494-186f-4a06-8fb5-967401e6e4c7}.Release|Any CPU.Build.0 = Release|Any CPU
		{54ccd3f1-a4be-441b-aff9-54901345a53c}.Debug|Any CPU.ActiveCfg = Debug|Any CPU
		{54ccd3f1-a4be-441b-aff9-54901345a53c}.Debug|Any CPU.Build.0 = Debug|Any CPU
		{54ccd3f1-a4be-441b-aff9-54901345a53c}.Release|Any CPU.ActiveCfg = Release|Any CPU
		{54ccd3f1-a4be-441b-aff9-54901345a53c}.Release|Any CPU.Build.0 = Release|Any CPU
		{554AD327-6DBA-4F8F-96F8-81CE7A0C863F}.Debug|Any CPU.ActiveCfg = Debug|Any CPU
		{554AD327-6DBA-4F8F-96F8-81CE7A0C863F}.Debug|Any CPU.Build.0 = Debug|Any CPU
		{554AD327-6DBA-4F8F-96F8-81CE7A0C863F}.Release|Any CPU.ActiveCfg = Release|Any CPU
		{554AD327-6DBA-4F8F-96F8-81CE7A0C863F}.Release|Any CPU.Build.0 = Release|Any CPU
		{6850AA48-1887-43B5-819F-51F777E0F410}.Debug|Any CPU.ActiveCfg = Debug|Any CPU
		{6850AA48-1887-43B5-819F-51F777E0F410}.Debug|Any CPU.Build.0 = Debug|Any CPU
		{6850AA48-1887-43B5-819F-51F777E0F410}.Release|Any CPU.ActiveCfg = Release|Any CPU
		{6850AA48-1887-43B5-819F-51F777E0F410}.Release|Any CPU.Build.0 = Release|Any CPU
		{FF7C23A6-7210-41E6-9FDE-B3DB786E7F66}.Debug|Any CPU.ActiveCfg = Debug|Any CPU
		{FF7C23A6-7210-41E6-9FDE-B3DB786E7F66}.Debug|Any CPU.Build.0 = Debug|Any CPU
		{FF7C23A6-7210-41E6-9FDE-B3DB786E7F66}.Release|Any CPU.ActiveCfg = Release|Any CPU
		{FF7C23A6-7210-41E6-9FDE-B3DB786E7F66}.Release|Any CPU.Build.0 = Release|Any CPU
		{874A2923-A095-410F-AE61-DCE027BF3C85}.Debug|Any CPU.ActiveCfg = Debug|Any CPU
		{874A2923-A095-410F-AE61-DCE027BF3C85}.Debug|Any CPU.Build.0 = Debug|Any CPU
		{874A2923-A095-410F-AE61-DCE027BF3C85}.Release|Any CPU.ActiveCfg = Release|Any CPU
		{874A2923-A095-410F-AE61-DCE027BF3C85}.Release|Any CPU.Build.0 = Release|Any CPU
		{48FBFF4D-AB3D-4A28-9306-F30F00420808}.Debug|Any CPU.ActiveCfg = Debug|Any CPU
		{48FBFF4D-AB3D-4A28-9306-F30F00420808}.Debug|Any CPU.Build.0 = Debug|Any CPU
		{48FBFF4D-AB3D-4A28-9306-F30F00420808}.Release|Any CPU.ActiveCfg = Release|Any CPU
		{48FBFF4D-AB3D-4A28-9306-F30F00420808}.Release|Any CPU.Build.0 = Release|Any CPU
		{C0EE6B6E-EEE2-43A9-ACBC-F43D9C00E109}.Debug|Any CPU.ActiveCfg = Debug|Any CPU
		{C0EE6B6E-EEE2-43A9-ACBC-F43D9C00E109}.Debug|Any CPU.Build.0 = Debug|Any CPU
		{C0EE6B6E-EEE2-43A9-ACBC-F43D9C00E109}.Release|Any CPU.ActiveCfg = Release|Any CPU
		{C0EE6B6E-EEE2-43A9-ACBC-F43D9C00E109}.Release|Any CPU.Build.0 = Release|Any CPU
		{1A94A50E-06DC-43C1-80B5-B662820EC3EB}.Debug|Any CPU.ActiveCfg = Debug|Any CPU
		{1A94A50E-06DC-43C1-80B5-B662820EC3EB}.Debug|Any CPU.Build.0 = Debug|Any CPU
		{1A94A50E-06DC-43C1-80B5-B662820EC3EB}.Release|Any CPU.ActiveCfg = Release|Any CPU
		{1A94A50E-06DC-43C1-80B5-B662820EC3EB}.Release|Any CPU.Build.0 = Release|Any CPU
		{C956DD76-69C8-4A9C-83EA-D17DF83340FD}.Debug|Any CPU.ActiveCfg = Debug|Any CPU
		{C956DD76-69C8-4A9C-83EA-D17DF83340FD}.Debug|Any CPU.Build.0 = Debug|Any CPU
		{C956DD76-69C8-4A9C-83EA-D17DF83340FD}.Release|Any CPU.ActiveCfg = Release|Any CPU
		{C956DD76-69C8-4A9C-83EA-D17DF83340FD}.Release|Any CPU.Build.0 = Release|Any CPU
		{0372FA84-C517-4EB3-9A9F-B9ACAC0CA5E0}.Debug|Any CPU.ActiveCfg = Debug|Any CPU
		{0372FA84-C517-4EB3-9A9F-B9ACAC0CA5E0}.Debug|Any CPU.Build.0 = Debug|Any CPU
		{0372FA84-C517-4EB3-9A9F-B9ACAC0CA5E0}.Release|Any CPU.ActiveCfg = Release|Any CPU
		{0372FA84-C517-4EB3-9A9F-B9ACAC0CA5E0}.Release|Any CPU.Build.0 = Release|Any CPU
		{42F719ED-8413-4895-B5B4-5AB56079BC66}.Debug|Any CPU.ActiveCfg = Debug|Any CPU
		{42F719ED-8413-4895-B5B4-5AB56079BC66}.Debug|Any CPU.Build.0 = Debug|Any CPU
		{42F719ED-8413-4895-B5B4-5AB56079BC66}.Release|Any CPU.ActiveCfg = Release|Any CPU
		{42F719ED-8413-4895-B5B4-5AB56079BC66}.Release|Any CPU.Build.0 = Release|Any CPU
		{520659C8-C734-4298-A3DA-B539DB9DFC0B}.Debug|Any CPU.ActiveCfg = Debug|Any CPU
		{520659C8-C734-4298-A3DA-B539DB9DFC0B}.Debug|Any CPU.Build.0 = Debug|Any CPU
		{520659C8-C734-4298-A3DA-B539DB9DFC0B}.Release|Any CPU.ActiveCfg = Release|Any CPU
		{520659C8-C734-4298-A3DA-B539DB9DFC0B}.Release|Any CPU.Build.0 = Release|Any CPU
		{4164BDF7-F527-4E85-9CE6-E3C2D7426A27}.Debug|Any CPU.ActiveCfg = Debug|Any CPU
		{4164BDF7-F527-4E85-9CE6-E3C2D7426A27}.Debug|Any CPU.Build.0 = Debug|Any CPU
		{4164BDF7-F527-4E85-9CE6-E3C2D7426A27}.Release|Any CPU.ActiveCfg = Release|Any CPU
		{4164BDF7-F527-4E85-9CE6-E3C2D7426A27}.Release|Any CPU.Build.0 = Release|Any CPU
		{3B5A0094-670D-4BB1-BFDD-61B88A8773DC}.Debug|Any CPU.ActiveCfg = Debug|Any CPU
		{3B5A0094-670D-4BB1-BFDD-61B88A8773DC}.Debug|Any CPU.Build.0 = Debug|Any CPU
		{3B5A0094-670D-4BB1-BFDD-61B88A8773DC}.Release|Any CPU.ActiveCfg = Release|Any CPU
		{3B5A0094-670D-4BB1-BFDD-61B88A8773DC}.Release|Any CPU.Build.0 = Release|Any CPU
		{073C361E-B8F4-49F5-93CC-72A3FF49C026}.Debug|Any CPU.ActiveCfg = Debug|Any CPU
		{073C361E-B8F4-49F5-93CC-72A3FF49C026}.Debug|Any CPU.Build.0 = Debug|Any CPU
		{073C361E-B8F4-49F5-93CC-72A3FF49C026}.Release|Any CPU.ActiveCfg = Release|Any CPU
		{073C361E-B8F4-49F5-93CC-72A3FF49C026}.Release|Any CPU.Build.0 = Release|Any CPU
		{E6D5BF0E-DE92-4D82-A352-EF04B37CB11C}.Debug|Any CPU.ActiveCfg = Debug|Any CPU
		{E6D5BF0E-DE92-4D82-A352-EF04B37CB11C}.Debug|Any CPU.Build.0 = Debug|Any CPU
		{E6D5BF0E-DE92-4D82-A352-EF04B37CB11C}.Release|Any CPU.ActiveCfg = Release|Any CPU
		{E6D5BF0E-DE92-4D82-A352-EF04B37CB11C}.Release|Any CPU.Build.0 = Release|Any CPU
		{AA94D832-1CCC-4715-95A9-A483F23A1A5D}.Debug|Any CPU.ActiveCfg = Debug|Any CPU
		{AA94D832-1CCC-4715-95A9-A483F23A1A5D}.Debug|Any CPU.Build.0 = Debug|Any CPU
		{AA94D832-1CCC-4715-95A9-A483F23A1A5D}.Release|Any CPU.ActiveCfg = Release|Any CPU
		{AA94D832-1CCC-4715-95A9-A483F23A1A5D}.Release|Any CPU.Build.0 = Release|Any CPU
		{BB47C150-D6F0-431B-917E-DA891CE829AB}.Debug|Any CPU.ActiveCfg = Debug|Any CPU
		{BB47C150-D6F0-431B-917E-DA891CE829AB}.Debug|Any CPU.Build.0 = Debug|Any CPU
		{BB47C150-D6F0-431B-917E-DA891CE829AB}.Release|Any CPU.ActiveCfg = Release|Any CPU
		{BB47C150-D6F0-431B-917E-DA891CE829AB}.Release|Any CPU.Build.0 = Release|Any CPU
		{E18EABF7-89F1-4CA3-BB2E-C7EE2C89EF3C}.Debug|Any CPU.ActiveCfg = Debug|Any CPU
		{E18EABF7-89F1-4CA3-BB2E-C7EE2C89EF3C}.Debug|Any CPU.Build.0 = Debug|Any CPU
		{E18EABF7-89F1-4CA3-BB2E-C7EE2C89EF3C}.Release|Any CPU.ActiveCfg = Release|Any CPU
		{E18EABF7-89F1-4CA3-BB2E-C7EE2C89EF3C}.Release|Any CPU.Build.0 = Release|Any CPU
		{D3431633-EFC4-462E-ADB6-6C305BDF3B29}.Debug|Any CPU.ActiveCfg = Debug|Any CPU
		{D3431633-EFC4-462E-ADB6-6C305BDF3B29}.Debug|Any CPU.Build.0 = Debug|Any CPU
		{D3431633-EFC4-462E-ADB6-6C305BDF3B29}.Release|Any CPU.ActiveCfg = Release|Any CPU
		{D3431633-EFC4-462E-ADB6-6C305BDF3B29}.Release|Any CPU.Build.0 = Release|Any CPU
		{158285EC-86AF-492B-9C40-3372D61ACCEA}.Debug|Any CPU.ActiveCfg = Debug|Any CPU
		{158285EC-86AF-492B-9C40-3372D61ACCEA}.Debug|Any CPU.Build.0 = Debug|Any CPU
		{158285EC-86AF-492B-9C40-3372D61ACCEA}.Release|Any CPU.ActiveCfg = Release|Any CPU
		{158285EC-86AF-492B-9C40-3372D61ACCEA}.Release|Any CPU.Build.0 = Release|Any CPU
		{497B5773-E26D-4CF4-94EA-3AEE3D7B6330}.Debug|Any CPU.ActiveCfg = Debug|Any CPU
		{497B5773-E26D-4CF4-94EA-3AEE3D7B6330}.Debug|Any CPU.Build.0 = Debug|Any CPU
		{497B5773-E26D-4CF4-94EA-3AEE3D7B6330}.Release|Any CPU.ActiveCfg = Release|Any CPU
		{497B5773-E26D-4CF4-94EA-3AEE3D7B6330}.Release|Any CPU.Build.0 = Release|Any CPU
		{7238DA8F-43FB-4CA0-9AD4-144BD2F22F69}.Debug|Any CPU.ActiveCfg = Debug|Any CPU
		{7238DA8F-43FB-4CA0-9AD4-144BD2F22F69}.Debug|Any CPU.Build.0 = Debug|Any CPU
		{7238DA8F-43FB-4CA0-9AD4-144BD2F22F69}.Release|Any CPU.ActiveCfg = Release|Any CPU
		{7238DA8F-43FB-4CA0-9AD4-144BD2F22F69}.Release|Any CPU.Build.0 = Release|Any CPU
		{F0ACC5B7-6AC6-4375-93AB-CC8881BA9217}.Debug|Any CPU.ActiveCfg = Debug|Any CPU
		{F0ACC5B7-6AC6-4375-93AB-CC8881BA9217}.Debug|Any CPU.Build.0 = Debug|Any CPU
		{F0ACC5B7-6AC6-4375-93AB-CC8881BA9217}.Release|Any CPU.ActiveCfg = Release|Any CPU
		{F0ACC5B7-6AC6-4375-93AB-CC8881BA9217}.Release|Any CPU.Build.0 = Release|Any CPU
		{B8776961-29D4-4E79-86D0-6C695F2593E6}.Debug|Any CPU.ActiveCfg = Debug|Any CPU
		{B8776961-29D4-4E79-86D0-6C695F2593E6}.Debug|Any CPU.Build.0 = Debug|Any CPU
		{B8776961-29D4-4E79-86D0-6C695F2593E6}.Release|Any CPU.ActiveCfg = Release|Any CPU
		{B8776961-29D4-4E79-86D0-6C695F2593E6}.Release|Any CPU.Build.0 = Release|Any CPU
		{0121FC96-ABBD-43F1-B30E-959D64D6132D}.Debug|Any CPU.ActiveCfg = Debug|Any CPU
		{0121FC96-ABBD-43F1-B30E-959D64D6132D}.Debug|Any CPU.Build.0 = Debug|Any CPU
		{0121FC96-ABBD-43F1-B30E-959D64D6132D}.Release|Any CPU.ActiveCfg = Release|Any CPU
		{0121FC96-ABBD-43F1-B30E-959D64D6132D}.Release|Any CPU.Build.0 = Release|Any CPU
	EndGlobalSection
	GlobalSection(SolutionProperties) = preSolution
		HideSolutionNode = FALSE
	EndGlobalSection
	GlobalSection(NestedProjects) = preSolution
		{70aef895-30b8-4333-be2b-b94961634138} = {dc18cb2e-1f73-41b1-8b59-44ff3cd07f47}
		{ac6c03a9-c3c6-4c5b-bba0-c1555aa63a8a} = {dc18cb2e-1f73-41b1-8b59-44ff3cd07f47}
		{6a475d3e-7713-47d7-b73d-7331218bc377} = {dc18cb2e-1f73-41b1-8b59-44ff3cd07f47}
		{9e6df506-cbd2-4e9e-aa9d-32f8a9a6babc} = {dc18cb2e-1f73-41b1-8b59-44ff3cd07f47}
		{370e1367-fc60-475e-b845-cbd50015a833} = {dc18cb2e-1f73-41b1-8b59-44ff3cd07f47}
		{00c20543-48f8-44ea-9e6e-87a422a60664} = {a6dbf14d-f5d5-4d93-877a-8aa3a2c4c331}
		{3ee09b00-c83e-4029-9db0-c6fa3c994704} = {a6dbf14d-f5d5-4d93-877a-8aa3a2c4c331}
		{a0aa2730-d80a-469c-b667-7a2c7f35ef3a} = {a6dbf14d-f5d5-4d93-877a-8aa3a2c4c331}
		{0ad3fa9a-d91d-4cd3-a475-5ea66ca380f2} = {a6dbf14d-f5d5-4d93-877a-8aa3a2c4c331}
		{ef79d7b5-7b56-4f4f-b97a-420a5ec703bb} = {a6dbf14d-f5d5-4d93-877a-8aa3a2c4c331}
		{26c15685-126e-46a5-b2c3-de53101ebca4} = {a6dbf14d-f5d5-4d93-877a-8aa3a2c4c331}
		{36ac310d-63bb-41ca-a520-1ab09b8f01ae} = {a6dbf14d-f5d5-4d93-877a-8aa3a2c4c331}
		{dc18cb2e-1f73-41b1-8b59-44ff3cd07f47} = {DE032B12-90A7-43C9-804D-876E6B2F6839}
		{a6dbf14d-f5d5-4d93-877a-8aa3a2c4c331} = {0778F0C8-DB18-4A9E-BEF7-92A662D9BD78}
		{4b7346dd-3520-478f-9f72-37350c855713} = {01f3f453-cbad-429e-a703-efd608fc8846}
		{ebc628b2-b218-4f88-a1a4-3f1bb3e556cf} = {01f3f453-cbad-429e-a703-efd608fc8846}
		{02a281bd-4185-4812-9cd0-40e64274d464} = {01f3f453-cbad-429e-a703-efd608fc8846}
		{5ae64c76-857f-4cf8-9457-74c1483fca1f} = {01f3f453-cbad-429e-a703-efd608fc8846}
		{6775db9b-00e3-48e6-bb87-820d8518ae98} = {01f3f453-cbad-429e-a703-efd608fc8846}
		{408c7494-186f-4a06-8fb5-967401e6e4c7} = {01f3f453-cbad-429e-a703-efd608fc8846}
		{54ccd3f1-a4be-441b-aff9-54901345a53c} = {01f3f453-cbad-429e-a703-efd608fc8846}
		{01f3f453-cbad-429e-a703-efd608fc8846} = {0778F0C8-DB18-4A9E-BEF7-92A662D9BD78}
		{554AD327-6DBA-4F8F-96F8-81CE7A0C863F} = {CA9AC87F-097E-4F15-8393-4BC07735A5B0}
		{6850AA48-1887-43B5-819F-51F777E0F410} = {591205A8-84AB-4A69-89F9-6B6DAF90A071}
		{FF7C23A6-7210-41E6-9FDE-B3DB786E7F66} = {591205A8-84AB-4A69-89F9-6B6DAF90A071}
		{874A2923-A095-410F-AE61-DCE027BF3C85} = {591205A8-84AB-4A69-89F9-6B6DAF90A071}
		{48FBFF4D-AB3D-4A28-9306-F30F00420808} = {591205A8-84AB-4A69-89F9-6B6DAF90A071}
		{C0EE6B6E-EEE2-43A9-ACBC-F43D9C00E109} = {591205A8-84AB-4A69-89F9-6B6DAF90A071}
		{591205A8-84AB-4A69-89F9-6B6DAF90A071} = {DE032B12-90A7-43C9-804D-876E6B2F6839}
		{1A94A50E-06DC-43C1-80B5-B662820EC3EB} = {CA9AC87F-097E-4F15-8393-4BC07735A5B0}
		{C956DD76-69C8-4A9C-83EA-D17DF83340FD} = {CA9AC87F-097E-4F15-8393-4BC07735A5B0}
		{0372FA84-C517-4EB3-9A9F-B9ACAC0CA5E0} = {CA9AC87F-097E-4F15-8393-4BC07735A5B0}
		{42F719ED-8413-4895-B5B4-5AB56079BC66} = {CA9AC87F-097E-4F15-8393-4BC07735A5B0}
		{520659C8-C734-4298-A3DA-B539DB9DFC0B} = {CA9AC87F-097E-4F15-8393-4BC07735A5B0}
		{4164BDF7-F527-4E85-9CE6-E3C2D7426A27} = {CA9AC87F-097E-4F15-8393-4BC07735A5B0}
		{3B5A0094-670D-4BB1-BFDD-61B88A8773DC} = {CA9AC87F-097E-4F15-8393-4BC07735A5B0}
		{073C361E-B8F4-49F5-93CC-72A3FF49C026} = {CA9AC87F-097E-4F15-8393-4BC07735A5B0}
		{E6D5BF0E-DE92-4D82-A352-EF04B37CB11C} = {CA9AC87F-097E-4F15-8393-4BC07735A5B0}
		{AA94D832-1CCC-4715-95A9-A483F23A1A5D} = {CA9AC87F-097E-4F15-8393-4BC07735A5B0}
		{C00EB5B0-F20D-48F9-A347-78D62A17D088} = {0778F0C8-DB18-4A9E-BEF7-92A662D9BD78}
		{E18EABF7-89F1-4CA3-BB2E-C7EE2C89EF3C} = {C00EB5B0-F20D-48F9-A347-78D62A17D088}
		{D3431633-EFC4-462E-ADB6-6C305BDF3B29} = {C00EB5B0-F20D-48F9-A347-78D62A17D088}
		{158285EC-86AF-492B-9C40-3372D61ACCEA} = {C00EB5B0-F20D-48F9-A347-78D62A17D088}
		{497B5773-E26D-4CF4-94EA-3AEE3D7B6330} = {C00EB5B0-F20D-48F9-A347-78D62A17D088}
		{7238DA8F-43FB-4CA0-9AD4-144BD2F22F69} = {C00EB5B0-F20D-48F9-A347-78D62A17D088}
		{F0ACC5B7-6AC6-4375-93AB-CC8881BA9217} = {C00EB5B0-F20D-48F9-A347-78D62A17D088}
		{B8776961-29D4-4E79-86D0-6C695F2593E6} = {C00EB5B0-F20D-48F9-A347-78D62A17D088}
		{0121FC96-ABBD-43F1-B30E-959D64D6132D} = {C00EB5B0-F20D-48F9-A347-78D62A17D088}
	EndGlobalSection
	GlobalSection(ExtensibilityGlobals) = postSolution
		SolutionGuid = {28315BFD-90E7-4E14-A2EA-F3D23AF4126F}
	EndGlobalSection
EndGlobal
